
Microsoft Visual Studio Solution File, Format Version 12.00
# Visual Studio Version 16
VisualStudioVersion = 16.0.30104.148
MinimumVisualStudioVersion = 10.0.40219.1
Project("{FAE04EC0-301F-11D3-BF4B-00C04F79EFBC}") = "csharpStudy", "csharpStudy\csharpStudy.csproj", "{B33BB39C-8357-42CA-BAF6-332121DB7AA9}"
EndProject
Global
	GlobalSection(SolutionConfigurationPlatforms) = preSolution
		Debug|Any CPU = Debug|Any CPU
		Release|Any CPU = Release|Any CPU
	EndGlobalSection
	GlobalSection(ProjectConfigurationPlatforms) = postSolution
		{B33BB39C-8357-42CA-BAF6-332121DB7AA9}.Debug|Any CPU.ActiveCfg = Debug|Any CPU
		{B33BB39C-8357-42CA-BAF6-332121DB7AA9}.Debug|Any CPU.Build.0 = Debug|Any CPU
		{B33BB39C-8357-42CA-BAF6-332121DB7AA9}.Release|Any CPU.ActiveCfg = Release|Any CPU
		{B33BB39C-8357-42CA-BAF6-332121DB7AA9}.Release|Any CPU.Build.0 = Release|Any CPU
	EndGlobalSection
	GlobalSection(SolutionProperties) = preSolution
		HideSolutionNode = FALSE
	EndGlobalSection
	GlobalSection(ExtensibilityGlobals) = postSolution
		SolutionGuid = {81F6E7DB-CDA2-44E7-AD56-3861D8028F41}
	EndGlobalSection
EndGlobal
